version: 1
algorithm: blake3
groups:
  cli-docs:
    source:
      flake.nix: 2db3571b76e3152d974b6e0ed7dba928436f4df5c89016f3c6972372d3a2373a
      src/cli.rs: fb637c7aec8d3d939b77b55b913d9a0df678309ae04fd84572814c147a3f5ecc
      src/commands.rs: aab053a8c40d9ce53cc785e0d9a17538307c88ff08e3d3fec992b5f8afcdfd50
      src/report.rs: cf09b00aa66dbf3ea5367d0bf858a94a0abe5f1127da4d16ab7fe85546508b03
    dependents:
      README.md: 1810c1b870013ee2d3fe116bb2d4158ed57e62299e21d965b4e5a69e4c1b351a
      skills/outdatty/SKILL.md: e0e39ff24ddbfb7da88d321b0932c7b909c69b728f6cce7aecea96d1bf0490a5
      www/index.html: 34e7730dcf01bfc143409911cbaebfa496f78cacca2253b701e93d09d53c61d9
  release-notes:
    source:
      Cargo.toml: 26fbc55cc566211861f501d9bf379c7abd364d985c17b193f93e7f933f46ce75
    dependents:
      CHANGELOG.md: 00bc910492503b8c2fd6fbc26976c2a0826e93815f14d215fb5c5708ec35a0c5
  schema:
    source:
      src/manifest.rs: d0194cd647debd38e8e8a9e34f714f761b37f6ea8efac85ca9bddb128da6cf20
    dependents:
      examples/outdatty.yaml: e52950ed9108c5473041b21972f6dc4112d328efae31338f173cbf5ef6f9cdf9
      schema/outdatty.schema.json: b34c5ff0be79b6d8033f94326cee6e15ed64c9998fe4eaa094c8044d0df684c6
